
Microsoft Visual Studio Solution File, Format Version 12.00
# Visual Studio Version 17
VisualStudioVersion = 17.11.35327.3
MinimumVisualStudioVersion = 10.0.40219.1
Project("{9A19103F-16F7-4668-BE54-9A1E7A4F7556}") = "ClimateSenseApi", "ClimateSenseApi\ClimateSenseApi.csproj", "{D9C41028-5C58-4480-B5A7-051B9C42C64C}"
EndProject
Project("{FAE04EC0-301F-11D3-BF4B-00C04F79EFBC}") = "ClimateSenseMAUI", "ClimateSenseMAUI\ClimateSenseMAUI.csproj", "{1E7FBE39-2BE1-4E81-8CE5-DD974F287C0E}"
EndProject
Project("{FAE04EC0-301F-11D3-BF4B-00C04F79EFBC}") = "ClimateSenseModels", "ClimateSenseModels\ClimateSenseModels.csproj", "{5ECB0CCC-25CA-47D7-81E1-1CE86ADC54DA}"
EndProject
Project("{FAE04EC0-301F-11D3-BF4B-00C04F79EFBC}") = "ClimateSenseService", "ClimateSenseService\ClimateSenseService.csproj", "{23CC98C4-816E-4AD5-BCDB-3A8A0B492B9F}"
EndProject
Global
	GlobalSection(SolutionConfigurationPlatforms) = preSolution
		Debug|Any CPU = Debug|Any CPU
		Release|Any CPU = Release|Any CPU
	EndGlobalSection
	GlobalSection(ProjectConfigurationPlatforms) = postSolution
		{D9C41028-5C58-4480-B5A7-051B9C42C64C}.Debug|Any CPU.ActiveCfg = Debug|Any CPU
		{D9C41028-5C58-4480-B5A7-051B9C42C64C}.Debug|Any CPU.Build.0 = Debug|Any CPU
		{D9C41028-5C58-4480-B5A7-051B9C42C64C}.Release|Any CPU.ActiveCfg = Release|Any CPU
		{D9C41028-5C58-4480-B5A7-051B9C42C64C}.Release|Any CPU.Build.0 = Release|Any CPU
		{1E7FBE39-2BE1-4E81-8CE5-DD974F287C0E}.Debug|Any CPU.ActiveCfg = Debug|Any CPU
		{1E7FBE39-2BE1-4E81-8CE5-DD974F287C0E}.Debug|Any CPU.Build.0 = Debug|Any CPU
		{1E7FBE39-2BE1-4E81-8CE5-DD974F287C0E}.Debug|Any CPU.Deploy.0 = Debug|Any CPU
		{1E7FBE39-2BE1-4E81-8CE5-DD974F287C0E}.Release|Any CPU.ActiveCfg = Release|Any CPU
		{1E7FBE39-2BE1-4E81-8CE5-DD974F287C0E}.Release|Any CPU.Build.0 = Release|Any CPU
		{1E7FBE39-2BE1-4E81-8CE5-DD974F287C0E}.Release|Any CPU.Deploy.0 = Release|Any CPU
		{5ECB0CCC-25CA-47D7-81E1-1CE86ADC54DA}.Debug|Any CPU.ActiveCfg = Debug|Any CPU
		{5ECB0CCC-25CA-47D7-81E1-1CE86ADC54DA}.Debug|Any CPU.Build.0 = Debug|Any CPU
		{5ECB0CCC-25CA-47D7-81E1-1CE86ADC54DA}.Release|Any CPU.ActiveCfg = Release|Any CPU
		{5ECB0CCC-25CA-47D7-81E1-1CE86ADC54DA}.Release|Any CPU.Build.0 = Release|Any CPU
		{23CC98C4-816E-4AD5-BCDB-3A8A0B492B9F}.Debug|Any CPU.ActiveCfg = Debug|Any CPU
		{23CC98C4-816E-4AD5-BCDB-3A8A0B492B9F}.Debug|Any CPU.Build.0 = Debug|Any CPU
		{23CC98C4-816E-4AD5-BCDB-3A8A0B492B9F}.Release|Any CPU.ActiveCfg = Release|Any CPU
		{23CC98C4-816E-4AD5-BCDB-3A8A0B492B9F}.Release|Any CPU.Build.0 = Release|Any CPU
	EndGlobalSection
	GlobalSection(SolutionProperties) = preSolution
		HideSolutionNode = FALSE
	EndGlobalSection
	GlobalSection(ExtensibilityGlobals) = postSolution
		SolutionGuid = {8A2413CC-3764-456C-AC4D-62D070F71DE9}
	EndGlobalSection
EndGlobal
