
Microsoft Visual Studio Solution File, Format Version 12.00
# Visual Studio Version 17
VisualStudioVersion = 17.11.35327.3
MinimumVisualStudioVersion = 10.0.40219.1
Project("{9A19103F-16F7-4668-BE54-9A1E7A4F7556}") = "ClimateSenseApi", "ClimateSenseApi\ClimateSenseApi.csproj", "{D9C41028-5C58-4480-B5A7-051B9C42C64C}"
EndProject
Project("{9A19103F-16F7-4668-BE54-9A1E7A4F7556}") = "ClimateSenseModels", "ClimateSenseModels\ClimateSenseModels.csproj", "{5ECB0CCC-25CA-47D7-81E1-1CE86ADC54DA}"
EndProject
Project("{9A19103F-16F7-4668-BE54-9A1E7A4F7556}") = "ClimateSenseMAUI", "ClimateSenseMAUI\ClimateSenseMAUI.csproj", "{62FB21C3-8BDE-41A9-8E77-7DC64297FE40}"
EndProject
Project("{9A19103F-16F7-4668-BE54-9A1E7A4F7556}") = "ClimateSenseServices", "ClimateSenseServices\ClimateSenseServices.csproj", "{4195A00C-0AF7-440F-AEEC-DCA89710623C}"
EndProject
Global
	GlobalSection(SolutionConfigurationPlatforms) = preSolution
		Debug|Any CPU = Debug|Any CPU
		Release|Any CPU = Release|Any CPU
	EndGlobalSection
	GlobalSection(ProjectConfigurationPlatforms) = postSolution
		{D9C41028-5C58-4480-B5A7-051B9C42C64C}.Debug|Any CPU.ActiveCfg = Debug|Any CPU
		{D9C41028-5C58-4480-B5A7-051B9C42C64C}.Debug|Any CPU.Build.0 = Debug|Any CPU
		{D9C41028-5C58-4480-B5A7-051B9C42C64C}.Release|Any CPU.ActiveCfg = Release|Any CPU
		{D9C41028-5C58-4480-B5A7-051B9C42C64C}.Release|Any CPU.Build.0 = Release|Any CPU
		{5ECB0CCC-25CA-47D7-81E1-1CE86ADC54DA}.Debug|Any CPU.ActiveCfg = Debug|Any CPU
		{5ECB0CCC-25CA-47D7-81E1-1CE86ADC54DA}.Debug|Any CPU.Build.0 = Debug|Any CPU
		{5ECB0CCC-25CA-47D7-81E1-1CE86ADC54DA}.Release|Any CPU.ActiveCfg = Release|Any CPU
		{5ECB0CCC-25CA-47D7-81E1-1CE86ADC54DA}.Release|Any CPU.Build.0 = Release|Any CPU
		{62FB21C3-8BDE-41A9-8E77-7DC64297FE40}.Debug|Any CPU.ActiveCfg = Debug|Any CPU
		{62FB21C3-8BDE-41A9-8E77-7DC64297FE40}.Debug|Any CPU.Build.0 = Debug|Any CPU
		{62FB21C3-8BDE-41A9-8E77-7DC64297FE40}.Debug|Any CPU.Deploy.0 = Debug|Any CPU
		{62FB21C3-8BDE-41A9-8E77-7DC64297FE40}.Release|Any CPU.ActiveCfg = Release|Any CPU
		{62FB21C3-8BDE-41A9-8E77-7DC64297FE40}.Release|Any CPU.Build.0 = Release|Any CPU
		{4195A00C-0AF7-440F-AEEC-DCA89710623C}.Debug|Any CPU.ActiveCfg = Debug|Any CPU
		{4195A00C-0AF7-440F-AEEC-DCA89710623C}.Debug|Any CPU.Build.0 = Debug|Any CPU
		{4195A00C-0AF7-440F-AEEC-DCA89710623C}.Release|Any CPU.ActiveCfg = Release|Any CPU
		{4195A00C-0AF7-440F-AEEC-DCA89710623C}.Release|Any CPU.Build.0 = Release|Any CPU
	EndGlobalSection
	GlobalSection(SolutionProperties) = preSolution
		HideSolutionNode = FALSE
	EndGlobalSection
	GlobalSection(ExtensibilityGlobals) = postSolution
		SolutionGuid = {8A2413CC-3764-456C-AC4D-62D070F71DE9}
	EndGlobalSection
EndGlobal
